
Microsoft Visual Studio Solution File, Format Version 12.00
# Visual Studio 15
VisualStudioVersion = 15.0.26403.7
MinimumVisualStudioVersion = 10.0.40219.1
Project("{2150E333-8FDC-42A3-9474-1A3956D46DE8}") = "src", "src", "{22CF8DAC-CD51-44C2-ACD7-6EB27AC00EA7}"
EndProject
Project("{2150E333-8FDC-42A3-9474-1A3956D46DE8}") = "Solution Items", "Solution Items", "{A977F408-A743-4E80-BAEC-0C51E369A004}"
	ProjectSection(SolutionItems) = preProject
		NuGet.config = NuGet.config
	EndProjectSection
EndProject
Project("{9A19103F-16F7-4668-BE54-9A1E7A4F7556}") = "GameNightBuddy_Server", "src\GameNightBuddy-Server\GameNightBuddy_Server.csproj", "{ED0F6590-E1B7-4B0D-AF7A-23DF64D66C40}"
EndProject
Project("{FAE04EC0-301F-11D3-BF4B-00C04F79EFBC}") = "GameNightBuddy_Server_Tests", "..\GameNightBuddy_Server_Tests\GameNightBuddy_Server_Tests.csproj", "{2901383C-8AC0-477F-89E6-92D2BD7A6CA7}"
EndProject
Global
	GlobalSection(SolutionConfigurationPlatforms) = preSolution
		Debug|Any CPU = Debug|Any CPU
		Release|Any CPU = Release|Any CPU
	EndGlobalSection
	GlobalSection(ProjectConfigurationPlatforms) = postSolution
		{ED0F6590-E1B7-4B0D-AF7A-23DF64D66C40}.Debug|Any CPU.ActiveCfg = Debug|Any CPU
		{ED0F6590-E1B7-4B0D-AF7A-23DF64D66C40}.Debug|Any CPU.Build.0 = Debug|Any CPU
		{ED0F6590-E1B7-4B0D-AF7A-23DF64D66C40}.Release|Any CPU.ActiveCfg = Release|Any CPU
		{ED0F6590-E1B7-4B0D-AF7A-23DF64D66C40}.Release|Any CPU.Build.0 = Release|Any CPU
		{2901383C-8AC0-477F-89E6-92D2BD7A6CA7}.Debug|Any CPU.ActiveCfg = Debug|Any CPU
		{2901383C-8AC0-477F-89E6-92D2BD7A6CA7}.Debug|Any CPU.Build.0 = Debug|Any CPU
		{2901383C-8AC0-477F-89E6-92D2BD7A6CA7}.Release|Any CPU.ActiveCfg = Release|Any CPU
		{2901383C-8AC0-477F-89E6-92D2BD7A6CA7}.Release|Any CPU.Build.0 = Release|Any CPU
	EndGlobalSection
	GlobalSection(SolutionProperties) = preSolution
		HideSolutionNode = FALSE
	EndGlobalSection
	GlobalSection(NestedProjects) = preSolution
		{ED0F6590-E1B7-4B0D-AF7A-23DF64D66C40} = {22CF8DAC-CD51-44C2-ACD7-6EB27AC00EA7}
	EndGlobalSection
EndGlobal
