
Microsoft Visual Studio Solution File, Format Version 12.00
# Visual Studio 14
VisualStudioVersion = 14.0.25420.1
MinimumVisualStudioVersion = 10.0.40219.1
Project("{2150E333-8FDC-42A3-9474-1A3956D46DE8}") = "src", "src", "{22CF8DAC-CD51-44C2-ACD7-6EB27AC00EA7}"
EndProject
Project("{2150E333-8FDC-42A3-9474-1A3956D46DE8}") = "Solution Items", "Solution Items", "{A977F408-A743-4E80-BAEC-0C51E369A004}"
	ProjectSection(SolutionItems) = preProject
		global.json = global.json
	EndProjectSection
EndProject
Project("{8BB2217D-0F2D-49D1-97BC-3654ED321F3B}") = "GameNightBuddy-Server", "src\GameNightBuddy-Server\GameNightBuddy-Server.xproj", "{ED0F6590-E1B7-4B0D-AF7A-23DF64D66C40}"
EndProject
Global
	GlobalSection(SolutionConfigurationPlatforms) = preSolution
		Debug|Any CPU = Debug|Any CPU
		Release|Any CPU = Release|Any CPU
	EndGlobalSection
	GlobalSection(ProjectConfigurationPlatforms) = postSolution
		{ED0F6590-E1B7-4B0D-AF7A-23DF64D66C40}.Debug|Any CPU.ActiveCfg = Debug|Any CPU
		{ED0F6590-E1B7-4B0D-AF7A-23DF64D66C40}.Debug|Any CPU.Build.0 = Debug|Any CPU
		{ED0F6590-E1B7-4B0D-AF7A-23DF64D66C40}.Release|Any CPU.ActiveCfg = Release|Any CPU
		{ED0F6590-E1B7-4B0D-AF7A-23DF64D66C40}.Release|Any CPU.Build.0 = Release|Any CPU
	EndGlobalSection
	GlobalSection(SolutionProperties) = preSolution
		HideSolutionNode = FALSE
	EndGlobalSection
	GlobalSection(NestedProjects) = preSolution
		{ED0F6590-E1B7-4B0D-AF7A-23DF64D66C40} = {22CF8DAC-CD51-44C2-ACD7-6EB27AC00EA7}
	EndGlobalSection
EndGlobal
